
Microsoft Visual Studio Solution File, Format Version 12.00
# Visual Studio 15
VisualStudioVersion = 15.0.26430.16
MinimumVisualStudioVersion = 10.0.40219.1
Project("{FAE04EC0-301F-11D3-BF4B-00C04F79EFBC}") = "1ClickDelivery", "1ClickDelivery\1ClickDelivery.csproj", "{332498BC-E3E2-4548-A6D0-9822A3BE6FB9}"
EndProject
Global
	GlobalSection(SolutionConfigurationPlatforms) = preSolution
		Debug|Any CPU = Debug|Any CPU
		Release|Any CPU = Release|Any CPU
	EndGlobalSection
	GlobalSection(ProjectConfigurationPlatforms) = postSolution
		{332498BC-E3E2-4548-A6D0-9822A3BE6FB9}.Debug|Any CPU.ActiveCfg = Debug|Any CPU
		{332498BC-E3E2-4548-A6D0-9822A3BE6FB9}.Debug|Any CPU.Build.0 = Debug|Any CPU
		{332498BC-E3E2-4548-A6D0-9822A3BE6FB9}.Release|Any CPU.ActiveCfg = Release|Any CPU
		{332498BC-E3E2-4548-A6D0-9822A3BE6FB9}.Release|Any CPU.Build.0 = Release|Any CPU
	EndGlobalSection
	GlobalSection(SolutionProperties) = preSolution
		HideSolutionNode = FALSE
	EndGlobalSection
	GlobalSection(ExtensibilityGlobals) = postSolution
		SolutionGuid = {29E67EEB-EC61-4B91-A611-795A6EA63970}
		VisualSVNWorkingCopyRoot = .
	EndGlobalSection
EndGlobal
